
Microsoft Visual Studio Solution File, Format Version 12.00
Project("{FAE04EC0-301F-11D3-BF4B-00C04F79EFBC}") = "WordSearch", "WordSearch\WordSearch.csproj", "{27D90774-B9B9-488E-9FE1-AF2BA13539BC}"
EndProject
Global
	GlobalSection(SolutionConfigurationPlatforms) = preSolution
		Debug|Any CPU = Debug|Any CPU
		Release|Any CPU = Release|Any CPU
	EndGlobalSection
	GlobalSection(ProjectConfigurationPlatforms) = postSolution
		{27D90774-B9B9-488E-9FE1-AF2BA13539BC}.Debug|Any CPU.ActiveCfg = Debug|Any CPU
		{27D90774-B9B9-488E-9FE1-AF2BA13539BC}.Debug|Any CPU.Build.0 = Debug|Any CPU
		{27D90774-B9B9-488E-9FE1-AF2BA13539BC}.Release|Any CPU.ActiveCfg = Release|Any CPU
		{27D90774-B9B9-488E-9FE1-AF2BA13539BC}.Release|Any CPU.Build.0 = Release|Any CPU
	EndGlobalSection
EndGlobal
